
Microsoft Visual Studio Solution File, Format Version 12.00
# Visual Studio Version 17
VisualStudioVersion = 17.7.34221.43
MinimumVisualStudioVersion = 10.0.40219.1
Project("{FAE04EC0-301F-11D3-BF4B-00C04F79EFBC}") = "WindowsFormsAppFinal", "WindowsFormsAppFinal\WindowsFormsAppFinal.csproj", "{8089AA42-5F3B-4333-956B-A4C7818A7141}"
EndProject
Global
	GlobalSection(SolutionConfigurationPlatforms) = preSolution
		Debug|Any CPU = Debug|Any CPU
		Release|Any CPU = Release|Any CPU
	EndGlobalSection
	GlobalSection(ProjectConfigurationPlatforms) = postSolution
		{8089AA42-5F3B-4333-956B-A4C7818A7141}.Debug|Any CPU.ActiveCfg = Debug|Any CPU
		{8089AA42-5F3B-4333-956B-A4C7818A7141}.Debug|Any CPU.Build.0 = Debug|Any CPU
		{8089AA42-5F3B-4333-956B-A4C7818A7141}.Release|Any CPU.ActiveCfg = Release|Any CPU
		{8089AA42-5F3B-4333-956B-A4C7818A7141}.Release|Any CPU.Build.0 = Release|Any CPU
	EndGlobalSection
	GlobalSection(SolutionProperties) = preSolution
		HideSolutionNode = FALSE
	EndGlobalSection
	GlobalSection(ExtensibilityGlobals) = postSolution
		SolutionGuid = {B3330AA1-A168-4789-96DD-2F3CE0D57933}
	EndGlobalSection
EndGlobal
